
Microsoft Visual Studio Solution File, Format Version 12.00
# Visual Studio Version 17
VisualStudioVersion = 17.8.34330.188
MinimumVisualStudioVersion = 10.0.40219.1
Project("{FAE04EC0-301F-11D3-BF4B-00C04F79EFBC}") = "PostgreSQL_Demo", "PostgreSQL_Demo\PostgreSQL_Demo.csproj", "{D1146BCB-B238-4183-BD09-2FA042CD73D8}"
EndProject
Project("{FAE04EC0-301F-11D3-BF4B-00C04F79EFBC}") = "AppData", "AppData\AppData.csproj", "{A3762EAA-501E-4B77-802D-F8EBD4929087}"
EndProject
Global
	GlobalSection(SolutionConfigurationPlatforms) = preSolution
		Debug|Any CPU = Debug|Any CPU
		Release|Any CPU = Release|Any CPU
	EndGlobalSection
	GlobalSection(ProjectConfigurationPlatforms) = postSolution
		{D1146BCB-B238-4183-BD09-2FA042CD73D8}.Debug|Any CPU.ActiveCfg = Debug|Any CPU
		{D1146BCB-B238-4183-BD09-2FA042CD73D8}.Debug|Any CPU.Build.0 = Debug|Any CPU
		{D1146BCB-B238-4183-BD09-2FA042CD73D8}.Release|Any CPU.ActiveCfg = Release|Any CPU
		{D1146BCB-B238-4183-BD09-2FA042CD73D8}.Release|Any CPU.Build.0 = Release|Any CPU
		{A3762EAA-501E-4B77-802D-F8EBD4929087}.Debug|Any CPU.ActiveCfg = Debug|Any CPU
		{A3762EAA-501E-4B77-802D-F8EBD4929087}.Debug|Any CPU.Build.0 = Debug|Any CPU
		{A3762EAA-501E-4B77-802D-F8EBD4929087}.Release|Any CPU.ActiveCfg = Release|Any CPU
		{A3762EAA-501E-4B77-802D-F8EBD4929087}.Release|Any CPU.Build.0 = Release|Any CPU
	EndGlobalSection
	GlobalSection(SolutionProperties) = preSolution
		HideSolutionNode = FALSE
	EndGlobalSection
	GlobalSection(ExtensibilityGlobals) = postSolution
		SolutionGuid = {B0C6E30E-BA6C-40F8-95F5-99CB22A58F92}
	EndGlobalSection
EndGlobal
